
Microsoft Visual Studio Solution File, Format Version 12.00
# Visual Studio 2012
Project("{FAE04EC0-301F-11D3-BF4B-00C04F79EFBC}") = "Xamarin.LockScreen", "Xamarin.LockScreen\Xamarin.LockScreen.csproj", "{5DC1D869-5952-4752-A79A-D4340D5C9FE3}"
EndProject
Project("{FAE04EC0-301F-11D3-BF4B-00C04F79EFBC}") = "Example", "Example\Example.csproj", "{E08EE06B-C20B-416E-B3DC-5859966717BD}"
EndProject
Global
	GlobalSection(SolutionConfigurationPlatforms) = preSolution
		Debug|Any CPU = Debug|Any CPU
		Release|Any CPU = Release|Any CPU
		Debug|iPhoneSimulator = Debug|iPhoneSimulator
		Release|iPhoneSimulator = Release|iPhoneSimulator
		Debug|iPhone = Debug|iPhone
		Release|iPhone = Release|iPhone
		Ad-Hoc|iPhone = Ad-Hoc|iPhone
		AppStore|iPhone = AppStore|iPhone
	EndGlobalSection
	GlobalSection(ProjectConfigurationPlatforms) = postSolution
		{5DC1D869-5952-4752-A79A-D4340D5C9FE3}.Ad-Hoc|iPhone.ActiveCfg = Debug|Any CPU
		{5DC1D869-5952-4752-A79A-D4340D5C9FE3}.Ad-Hoc|iPhone.Build.0 = Debug|Any CPU
		{5DC1D869-5952-4752-A79A-D4340D5C9FE3}.AppStore|iPhone.ActiveCfg = Debug|Any CPU
		{5DC1D869-5952-4752-A79A-D4340D5C9FE3}.AppStore|iPhone.Build.0 = Debug|Any CPU
		{5DC1D869-5952-4752-A79A-D4340D5C9FE3}.Debug|Any CPU.ActiveCfg = Debug|Any CPU
		{5DC1D869-5952-4752-A79A-D4340D5C9FE3}.Debug|Any CPU.Build.0 = Debug|Any CPU
		{5DC1D869-5952-4752-A79A-D4340D5C9FE3}.Debug|iPhone.ActiveCfg = Debug|Any CPU
		{5DC1D869-5952-4752-A79A-D4340D5C9FE3}.Debug|iPhone.Build.0 = Debug|Any CPU
		{5DC1D869-5952-4752-A79A-D4340D5C9FE3}.Debug|iPhoneSimulator.ActiveCfg = Debug|Any CPU
		{5DC1D869-5952-4752-A79A-D4340D5C9FE3}.Debug|iPhoneSimulator.Build.0 = Debug|Any CPU
		{5DC1D869-5952-4752-A79A-D4340D5C9FE3}.Release|Any CPU.ActiveCfg = Release|Any CPU
		{5DC1D869-5952-4752-A79A-D4340D5C9FE3}.Release|Any CPU.Build.0 = Release|Any CPU
		{5DC1D869-5952-4752-A79A-D4340D5C9FE3}.Release|iPhone.ActiveCfg = Release|Any CPU
		{5DC1D869-5952-4752-A79A-D4340D5C9FE3}.Release|iPhone.Build.0 = Release|Any CPU
		{5DC1D869-5952-4752-A79A-D4340D5C9FE3}.Release|iPhoneSimulator.ActiveCfg = Release|Any CPU
		{5DC1D869-5952-4752-A79A-D4340D5C9FE3}.Release|iPhoneSimulator.Build.0 = Release|Any CPU
		{E08EE06B-C20B-416E-B3DC-5859966717BD}.Ad-Hoc|iPhone.ActiveCfg = Ad-Hoc|iPhone
		{E08EE06B-C20B-416E-B3DC-5859966717BD}.Ad-Hoc|iPhone.Build.0 = Ad-Hoc|iPhone
		{E08EE06B-C20B-416E-B3DC-5859966717BD}.AppStore|iPhone.ActiveCfg = AppStore|iPhone
		{E08EE06B-C20B-416E-B3DC-5859966717BD}.AppStore|iPhone.Build.0 = AppStore|iPhone
		{E08EE06B-C20B-416E-B3DC-5859966717BD}.Debug|Any CPU.ActiveCfg = Debug|iPhoneSimulator
		{E08EE06B-C20B-416E-B3DC-5859966717BD}.Debug|Any CPU.Build.0 = Debug|iPhoneSimulator
		{E08EE06B-C20B-416E-B3DC-5859966717BD}.Debug|iPhone.ActiveCfg = Debug|iPhone
		{E08EE06B-C20B-416E-B3DC-5859966717BD}.Debug|iPhone.Build.0 = Debug|iPhone
		{E08EE06B-C20B-416E-B3DC-5859966717BD}.Debug|iPhoneSimulator.ActiveCfg = Debug|iPhoneSimulator
		{E08EE06B-C20B-416E-B3DC-5859966717BD}.Debug|iPhoneSimulator.Build.0 = Debug|iPhoneSimulator
		{E08EE06B-C20B-416E-B3DC-5859966717BD}.Release|Any CPU.ActiveCfg = Release|iPhoneSimulator
		{E08EE06B-C20B-416E-B3DC-5859966717BD}.Release|Any CPU.Build.0 = Release|iPhoneSimulator
		{E08EE06B-C20B-416E-B3DC-5859966717BD}.Release|iPhone.ActiveCfg = Release|iPhone
		{E08EE06B-C20B-416E-B3DC-5859966717BD}.Release|iPhone.Build.0 = Release|iPhone
		{E08EE06B-C20B-416E-B3DC-5859966717BD}.Release|iPhoneSimulator.ActiveCfg = Release|iPhoneSimulator
		{E08EE06B-C20B-416E-B3DC-5859966717BD}.Release|iPhoneSimulator.Build.0 = Release|iPhoneSimulator
	EndGlobalSection
	GlobalSection(MonoDevelopProperties) = preSolution
		StartupItem = Xamarin.LockScreen\Xamarin.LockScreen.csproj
	EndGlobalSection
EndGlobal
